
Microsoft Visual Studio Solution File, Format Version 12.00
# Visual Studio Version 16
VisualStudioVersion = 16.0.30503.244
MinimumVisualStudioVersion = 10.0.40219.1
Project("{FAE04EC0-301F-11D3-BF4B-00C04F79EFBC}") = "BibliotecaDeClases", "BibliotecaDeClases\BibliotecaDeClases.csproj", "{55978AE9-C614-4D31-9EE0-375502DD5538}"
EndProject
Project("{FAE04EC0-301F-11D3-BF4B-00C04F79EFBC}") = "FormPrincipal", "FormPrincipal\FormPrincipal.csproj", "{559E488D-457D-463D-87F0-30D6BEDB9F12}"
EndProject
Global
	GlobalSection(SolutionConfigurationPlatforms) = preSolution
		Debug|Any CPU = Debug|Any CPU
		Release|Any CPU = Release|Any CPU
	EndGlobalSection
	GlobalSection(ProjectConfigurationPlatforms) = postSolution
		{55978AE9-C614-4D31-9EE0-375502DD5538}.Debug|Any CPU.ActiveCfg = Debug|Any CPU
		{55978AE9-C614-4D31-9EE0-375502DD5538}.Debug|Any CPU.Build.0 = Debug|Any CPU
		{55978AE9-C614-4D31-9EE0-375502DD5538}.Release|Any CPU.ActiveCfg = Release|Any CPU
		{55978AE9-C614-4D31-9EE0-375502DD5538}.Release|Any CPU.Build.0 = Release|Any CPU
		{559E488D-457D-463D-87F0-30D6BEDB9F12}.Debug|Any CPU.ActiveCfg = Debug|Any CPU
		{559E488D-457D-463D-87F0-30D6BEDB9F12}.Debug|Any CPU.Build.0 = Debug|Any CPU
		{559E488D-457D-463D-87F0-30D6BEDB9F12}.Release|Any CPU.ActiveCfg = Release|Any CPU
		{559E488D-457D-463D-87F0-30D6BEDB9F12}.Release|Any CPU.Build.0 = Release|Any CPU
	EndGlobalSection
	GlobalSection(SolutionProperties) = preSolution
		HideSolutionNode = FALSE
	EndGlobalSection
	GlobalSection(ExtensibilityGlobals) = postSolution
		SolutionGuid = {01ED486D-5098-491C-BDDC-89D129CDF26D}
	EndGlobalSection
EndGlobal
