
Microsoft Visual Studio Solution File, Format Version 12.00
# Visual Studio Version 16
VisualStudioVersion = 16.0.30503.244
MinimumVisualStudioVersion = 10.0.40219.1
Project("{FAE04EC0-301F-11D3-BF4B-00C04F79EFBC}") = "Test", "CentralTelefonica\Test.csproj", "{AB35CCD2-ADD9-4ADD-97AA-3798C032677D}"
EndProject
Project("{FAE04EC0-301F-11D3-BF4B-00C04F79EFBC}") = "CentralitaHerencia", "CentralitaHerencia\CentralitaHerencia.csproj", "{15625BEB-7AB0-4775-B364-F136E4379556}"
EndProject
Global
	GlobalSection(SolutionConfigurationPlatforms) = preSolution
		Debug|Any CPU = Debug|Any CPU
		Release|Any CPU = Release|Any CPU
	EndGlobalSection
	GlobalSection(ProjectConfigurationPlatforms) = postSolution
		{AB35CCD2-ADD9-4ADD-97AA-3798C032677D}.Debug|Any CPU.ActiveCfg = Debug|Any CPU
		{AB35CCD2-ADD9-4ADD-97AA-3798C032677D}.Debug|Any CPU.Build.0 = Debug|Any CPU
		{AB35CCD2-ADD9-4ADD-97AA-3798C032677D}.Release|Any CPU.ActiveCfg = Release|Any CPU
		{AB35CCD2-ADD9-4ADD-97AA-3798C032677D}.Release|Any CPU.Build.0 = Release|Any CPU
		{15625BEB-7AB0-4775-B364-F136E4379556}.Debug|Any CPU.ActiveCfg = Debug|Any CPU
		{15625BEB-7AB0-4775-B364-F136E4379556}.Debug|Any CPU.Build.0 = Debug|Any CPU
		{15625BEB-7AB0-4775-B364-F136E4379556}.Release|Any CPU.ActiveCfg = Release|Any CPU
		{15625BEB-7AB0-4775-B364-F136E4379556}.Release|Any CPU.Build.0 = Release|Any CPU
	EndGlobalSection
	GlobalSection(SolutionProperties) = preSolution
		HideSolutionNode = FALSE
	EndGlobalSection
	GlobalSection(ExtensibilityGlobals) = postSolution
		SolutionGuid = {C3970527-A0E3-482C-84BE-74F1E78B7A4B}
	EndGlobalSection
EndGlobal
