
Microsoft Visual Studio Solution File, Format Version 12.00
# Visual Studio Version 16
VisualStudioVersion = 16.0.30503.244
MinimumVisualStudioVersion = 10.0.40219.1
Project("{FAE04EC0-301F-11D3-BF4B-00C04F79EFBC}") = "Proyecto", "Proyecto\Proyecto.csproj", "{2C2488E9-962A-4B1F-B8B5-F83F2CA6B4EB}"
EndProject
Project("{FAE04EC0-301F-11D3-BF4B-00C04F79EFBC}") = "Biblioteca", "Biblioteca\Biblioteca.csproj", "{1D3AA3D0-1037-44AD-ACF2-F409C45CE7F4}"
EndProject
Global
	GlobalSection(SolutionConfigurationPlatforms) = preSolution
		Debug|Any CPU = Debug|Any CPU
		Release|Any CPU = Release|Any CPU
	EndGlobalSection
	GlobalSection(ProjectConfigurationPlatforms) = postSolution
		{2C2488E9-962A-4B1F-B8B5-F83F2CA6B4EB}.Debug|Any CPU.ActiveCfg = Debug|Any CPU
		{2C2488E9-962A-4B1F-B8B5-F83F2CA6B4EB}.Debug|Any CPU.Build.0 = Debug|Any CPU
		{2C2488E9-962A-4B1F-B8B5-F83F2CA6B4EB}.Release|Any CPU.ActiveCfg = Release|Any CPU
		{2C2488E9-962A-4B1F-B8B5-F83F2CA6B4EB}.Release|Any CPU.Build.0 = Release|Any CPU
		{1D3AA3D0-1037-44AD-ACF2-F409C45CE7F4}.Debug|Any CPU.ActiveCfg = Debug|Any CPU
		{1D3AA3D0-1037-44AD-ACF2-F409C45CE7F4}.Debug|Any CPU.Build.0 = Debug|Any CPU
		{1D3AA3D0-1037-44AD-ACF2-F409C45CE7F4}.Release|Any CPU.ActiveCfg = Release|Any CPU
		{1D3AA3D0-1037-44AD-ACF2-F409C45CE7F4}.Release|Any CPU.Build.0 = Release|Any CPU
	EndGlobalSection
	GlobalSection(SolutionProperties) = preSolution
		HideSolutionNode = FALSE
	EndGlobalSection
	GlobalSection(ExtensibilityGlobals) = postSolution
		SolutionGuid = {A4A99C2F-155B-4ADA-AB91-48835F4BA17C}
	EndGlobalSection
EndGlobal
