
Microsoft Visual Studio Solution File, Format Version 12.00
# Visual Studio Version 16
VisualStudioVersion = 16.0.30503.244
MinimumVisualStudioVersion = 10.0.40219.1
Project("{FAE04EC0-301F-11D3-BF4B-00C04F79EFBC}") = "Entidades", "Entidades\Entidades.csproj", "{37AEEBB8-9D37-4AE1-A551-FF5C69AAB349}"
EndProject
Project("{FAE04EC0-301F-11D3-BF4B-00C04F79EFBC}") = "FrmPrincipal", "FrmPrincipal\FrmPrincipal.csproj", "{EC2457D7-D5C1-4B54-9F9F-466FB7612CE8}"
EndProject
Global
	GlobalSection(SolutionConfigurationPlatforms) = preSolution
		Debug|Any CPU = Debug|Any CPU
		Release|Any CPU = Release|Any CPU
	EndGlobalSection
	GlobalSection(ProjectConfigurationPlatforms) = postSolution
		{37AEEBB8-9D37-4AE1-A551-FF5C69AAB349}.Debug|Any CPU.ActiveCfg = Debug|Any CPU
		{37AEEBB8-9D37-4AE1-A551-FF5C69AAB349}.Debug|Any CPU.Build.0 = Debug|Any CPU
		{37AEEBB8-9D37-4AE1-A551-FF5C69AAB349}.Release|Any CPU.ActiveCfg = Release|Any CPU
		{37AEEBB8-9D37-4AE1-A551-FF5C69AAB349}.Release|Any CPU.Build.0 = Release|Any CPU
		{EC2457D7-D5C1-4B54-9F9F-466FB7612CE8}.Debug|Any CPU.ActiveCfg = Debug|Any CPU
		{EC2457D7-D5C1-4B54-9F9F-466FB7612CE8}.Debug|Any CPU.Build.0 = Debug|Any CPU
		{EC2457D7-D5C1-4B54-9F9F-466FB7612CE8}.Release|Any CPU.ActiveCfg = Release|Any CPU
		{EC2457D7-D5C1-4B54-9F9F-466FB7612CE8}.Release|Any CPU.Build.0 = Release|Any CPU
	EndGlobalSection
	GlobalSection(SolutionProperties) = preSolution
		HideSolutionNode = FALSE
	EndGlobalSection
	GlobalSection(ExtensibilityGlobals) = postSolution
		SolutionGuid = {F8204313-2063-4EE4-B16B-09E6A4C75E1A}
	EndGlobalSection
EndGlobal
