
Microsoft Visual Studio Solution File, Format Version 12.00
# Visual Studio Version 16
VisualStudioVersion = 16.0.30503.244
MinimumVisualStudioVersion = 10.0.40219.1
Project("{FAE04EC0-301F-11D3-BF4B-00C04F79EFBC}") = "PrincipalForms", "PrincipalForms\PrincipalForms.csproj", "{D0C68532-4425-45BC-B520-9B671ECAE497}"
EndProject
Global
	GlobalSection(SolutionConfigurationPlatforms) = preSolution
		Debug|Any CPU = Debug|Any CPU
		Release|Any CPU = Release|Any CPU
	EndGlobalSection
	GlobalSection(ProjectConfigurationPlatforms) = postSolution
		{D0C68532-4425-45BC-B520-9B671ECAE497}.Debug|Any CPU.ActiveCfg = Debug|Any CPU
		{D0C68532-4425-45BC-B520-9B671ECAE497}.Debug|Any CPU.Build.0 = Debug|Any CPU
		{D0C68532-4425-45BC-B520-9B671ECAE497}.Release|Any CPU.ActiveCfg = Release|Any CPU
		{D0C68532-4425-45BC-B520-9B671ECAE497}.Release|Any CPU.Build.0 = Release|Any CPU
	EndGlobalSection
	GlobalSection(SolutionProperties) = preSolution
		HideSolutionNode = FALSE
	EndGlobalSection
	GlobalSection(ExtensibilityGlobals) = postSolution
		SolutionGuid = {F5A5A6A1-54A8-4989-983A-BCDB629FEEB2}
	EndGlobalSection
EndGlobal
