
Microsoft Visual Studio Solution File, Format Version 12.00
# Visual Studio Version 16
VisualStudioVersion = 16.0.30503.244
MinimumVisualStudioVersion = 10.0.40219.1
Project("{FAE04EC0-301F-11D3-BF4B-00C04F79EFBC}") = "Ejercicio_14", "Ejercicio_14\Ejercicio_14.csproj", "{879DE51E-BB13-4114-A2AA-0451625C8F80}"
EndProject
Project("{FAE04EC0-301F-11D3-BF4B-00C04F79EFBC}") = "LibreriadeClases", "LibreriadeClases\LibreriadeClases.csproj", "{1A266910-6B2C-4A8C-9CC6-A5DA6680A184}"
EndProject
Global
	GlobalSection(SolutionConfigurationPlatforms) = preSolution
		Debug|Any CPU = Debug|Any CPU
		Release|Any CPU = Release|Any CPU
	EndGlobalSection
	GlobalSection(ProjectConfigurationPlatforms) = postSolution
		{879DE51E-BB13-4114-A2AA-0451625C8F80}.Debug|Any CPU.ActiveCfg = Debug|Any CPU
		{879DE51E-BB13-4114-A2AA-0451625C8F80}.Debug|Any CPU.Build.0 = Debug|Any CPU
		{879DE51E-BB13-4114-A2AA-0451625C8F80}.Release|Any CPU.ActiveCfg = Release|Any CPU
		{879DE51E-BB13-4114-A2AA-0451625C8F80}.Release|Any CPU.Build.0 = Release|Any CPU
		{1A266910-6B2C-4A8C-9CC6-A5DA6680A184}.Debug|Any CPU.ActiveCfg = Debug|Any CPU
		{1A266910-6B2C-4A8C-9CC6-A5DA6680A184}.Debug|Any CPU.Build.0 = Debug|Any CPU
		{1A266910-6B2C-4A8C-9CC6-A5DA6680A184}.Release|Any CPU.ActiveCfg = Release|Any CPU
		{1A266910-6B2C-4A8C-9CC6-A5DA6680A184}.Release|Any CPU.Build.0 = Release|Any CPU
	EndGlobalSection
	GlobalSection(SolutionProperties) = preSolution
		HideSolutionNode = FALSE
	EndGlobalSection
	GlobalSection(ExtensibilityGlobals) = postSolution
		SolutionGuid = {81CD4CB8-B493-4508-8C97-4BE9CAB5139D}
	EndGlobalSection
EndGlobal
