
Microsoft Visual Studio Solution File, Format Version 12.00
# Visual Studio Version 16
VisualStudioVersion = 16.0.30503.244
MinimumVisualStudioVersion = 10.0.40219.1
Project("{FAE04EC0-301F-11D3-BF4B-00C04F79EFBC}") = "Ejercicio11", "Ejercicio11\Ejercicio11.csproj", "{907C0310-B1BB-4BD5-A2E5-F79D2C44C1C9}"
EndProject
Project("{FAE04EC0-301F-11D3-BF4B-00C04F79EFBC}") = "Biblioteca", "Biblioteca\Biblioteca.csproj", "{560E89A6-BE2E-4A27-9736-9ACAD131ABED}"
EndProject
Project("{FAE04EC0-301F-11D3-BF4B-00C04F79EFBC}") = "Ejercicio12", "Ejercicio12\Ejercicio12.csproj", "{B3775CF4-56C7-4B2F-9DDD-E4DBC0B8A820}"
EndProject
Global
	GlobalSection(SolutionConfigurationPlatforms) = preSolution
		Debug|Any CPU = Debug|Any CPU
		Release|Any CPU = Release|Any CPU
	EndGlobalSection
	GlobalSection(ProjectConfigurationPlatforms) = postSolution
		{907C0310-B1BB-4BD5-A2E5-F79D2C44C1C9}.Debug|Any CPU.ActiveCfg = Debug|Any CPU
		{907C0310-B1BB-4BD5-A2E5-F79D2C44C1C9}.Debug|Any CPU.Build.0 = Debug|Any CPU
		{907C0310-B1BB-4BD5-A2E5-F79D2C44C1C9}.Release|Any CPU.ActiveCfg = Release|Any CPU
		{907C0310-B1BB-4BD5-A2E5-F79D2C44C1C9}.Release|Any CPU.Build.0 = Release|Any CPU
		{560E89A6-BE2E-4A27-9736-9ACAD131ABED}.Debug|Any CPU.ActiveCfg = Debug|Any CPU
		{560E89A6-BE2E-4A27-9736-9ACAD131ABED}.Debug|Any CPU.Build.0 = Debug|Any CPU
		{560E89A6-BE2E-4A27-9736-9ACAD131ABED}.Release|Any CPU.ActiveCfg = Release|Any CPU
		{560E89A6-BE2E-4A27-9736-9ACAD131ABED}.Release|Any CPU.Build.0 = Release|Any CPU
		{B3775CF4-56C7-4B2F-9DDD-E4DBC0B8A820}.Debug|Any CPU.ActiveCfg = Debug|Any CPU
		{B3775CF4-56C7-4B2F-9DDD-E4DBC0B8A820}.Debug|Any CPU.Build.0 = Debug|Any CPU
		{B3775CF4-56C7-4B2F-9DDD-E4DBC0B8A820}.Release|Any CPU.ActiveCfg = Release|Any CPU
		{B3775CF4-56C7-4B2F-9DDD-E4DBC0B8A820}.Release|Any CPU.Build.0 = Release|Any CPU
	EndGlobalSection
	GlobalSection(SolutionProperties) = preSolution
		HideSolutionNode = FALSE
	EndGlobalSection
	GlobalSection(ExtensibilityGlobals) = postSolution
		SolutionGuid = {6764F676-4FC0-4AF3-BE9C-47A528F45688}
	EndGlobalSection
EndGlobal
